
Microsoft Visual Studio Solution File, Format Version 12.00
# Visual Studio Version 17
VisualStudioVersion = 17.7.34031.279
MinimumVisualStudioVersion = 10.0.40219.1
Project("{FAE04EC0-301F-11D3-BF4B-00C04F79EFBC}") = "PalindromeProblem", "PalindromeProblem.csproj", "{EAE946E2-1F28-4AE3-8618-67ABB01CA15B}"
EndProject
Global
	GlobalSection(SolutionConfigurationPlatforms) = preSolution
		Debug|Any CPU = Debug|Any CPU
		Release|Any CPU = Release|Any CPU
	EndGlobalSection
	GlobalSection(ProjectConfigurationPlatforms) = postSolution
		{EAE946E2-1F28-4AE3-8618-67ABB01CA15B}.Debug|Any CPU.ActiveCfg = Debug|Any CPU
		{EAE946E2-1F28-4AE3-8618-67ABB01CA15B}.Debug|Any CPU.Build.0 = Debug|Any CPU
		{EAE946E2-1F28-4AE3-8618-67ABB01CA15B}.Release|Any CPU.ActiveCfg = Release|Any CPU
		{EAE946E2-1F28-4AE3-8618-67ABB01CA15B}.Release|Any CPU.Build.0 = Release|Any CPU
	EndGlobalSection
	GlobalSection(SolutionProperties) = preSolution
		HideSolutionNode = FALSE
	EndGlobalSection
	GlobalSection(ExtensibilityGlobals) = postSolution
		SolutionGuid = {5005B46B-9648-43BB-9DD8-52628BF946DC}
	EndGlobalSection
EndGlobal
